# This file is automatically @generated by Cargo.
# It is not intended for manual editing.
version = 4

[[package]]
name = "robolang"
version = "0.1.0"

[[package]]
name = "tank-cli"
version = "0.1.0"
dependencies = [
 "robolang",
 "tank-engine",
]

[[package]]
name = "tank-engine"
version = "0.1.0"
dependencies = [
 "robolang",
]
